
Microsoft Visual Studio Solution File, Format Version 11.00
# Visual Studio 2010
Project("{FAE04EC0-301F-11D3-BF4B-00C04F79EFBC}") = "Wash", "Wash.csproj", "{6BB55A69-D0DC-489E-910D-AA40BF669440}"
EndProject
Global
	GlobalSection(SolutionConfigurationPlatforms) = preSolution
		Debug|x86 = Debug|x86
		Release|x86 = Release|x86
	EndGlobalSection
	GlobalSection(ProjectConfigurationPlatforms) = postSolution
		{6BB55A69-D0DC-489E-910D-AA40BF669440}.Debug|x86.ActiveCfg = Debug|x86
		{6BB55A69-D0DC-489E-910D-AA40BF669440}.Debug|x86.Build.0 = Debug|x86
		{6BB55A69-D0DC-489E-910D-AA40BF669440}.Release|x86.ActiveCfg = Release|x86
		{6BB55A69-D0DC-489E-910D-AA40BF669440}.Release|x86.Build.0 = Release|x86
	EndGlobalSection
	GlobalSection(SolutionProperties) = preSolution
		HideSolutionNode = FALSE
	EndGlobalSection
EndGlobal
